
Microsoft Visual Studio Solution File, Format Version 12.00
# Visual Studio Version 16
VisualStudioVersion = 16.0.30320.27
MinimumVisualStudioVersion = 10.0.40219.1
Project("{9A19103F-16F7-4668-BE54-9A1E7A4F7556}") = "GourmetPizza", "GourmetPizza\GourmetPizza.csproj", "{0DB5982D-8E82-4D50-9DDC-5A41FEC62006}"
EndProject
Project("{9A19103F-16F7-4668-BE54-9A1E7A4F7556}") = "GourmetPizzaPrac3", "GourmetPizzaPrac3\GourmetPizzaPrac3.csproj", "{7C0A648F-5B1E-4CB0-8D38-14D9D21383FA}"
EndProject
Global
	GlobalSection(SolutionConfigurationPlatforms) = preSolution
		Debug|Any CPU = Debug|Any CPU
		Release|Any CPU = Release|Any CPU
	EndGlobalSection
	GlobalSection(ProjectConfigurationPlatforms) = postSolution
		{0DB5982D-8E82-4D50-9DDC-5A41FEC62006}.Debug|Any CPU.ActiveCfg = Debug|Any CPU
		{0DB5982D-8E82-4D50-9DDC-5A41FEC62006}.Debug|Any CPU.Build.0 = Debug|Any CPU
		{0DB5982D-8E82-4D50-9DDC-5A41FEC62006}.Release|Any CPU.ActiveCfg = Release|Any CPU
		{0DB5982D-8E82-4D50-9DDC-5A41FEC62006}.Release|Any CPU.Build.0 = Release|Any CPU
		{7C0A648F-5B1E-4CB0-8D38-14D9D21383FA}.Debug|Any CPU.ActiveCfg = Debug|Any CPU
		{7C0A648F-5B1E-4CB0-8D38-14D9D21383FA}.Debug|Any CPU.Build.0 = Debug|Any CPU
		{7C0A648F-5B1E-4CB0-8D38-14D9D21383FA}.Release|Any CPU.ActiveCfg = Release|Any CPU
		{7C0A648F-5B1E-4CB0-8D38-14D9D21383FA}.Release|Any CPU.Build.0 = Release|Any CPU
	EndGlobalSection
	GlobalSection(SolutionProperties) = preSolution
		HideSolutionNode = FALSE
	EndGlobalSection
	GlobalSection(ExtensibilityGlobals) = postSolution
		SolutionGuid = {A7510F5A-CC4D-4FE3-948C-DCC3A59C2000}
	EndGlobalSection
EndGlobal
